{
  "name": "proceduralart",
  "version": "1.0.0",
  "lockfileVersion": 3,
  "requires": true,
  "packages": {
    "": {
      "name": "proceduralart",
      "version": "1.0.0",
      "license": "MIT",
      "dependencies": {
        "toosoon-prng": "^3.0.0"
      }
    },
    "node_modules/toosoon-prng": {
      "version": "3.0.0",
      "resolved": "https://registry.npmjs.org/toosoon-prng/-/toosoon-prng-3.0.0.tgz",
      "integrity": "sha512-hHe89BR8xFDZuhPeUZOKxAwkZATUrGuf1KSdaJ9KfGQf4fJvxaV2N49XnKgj3jaJCqzoEOjy5JArlkvewKptOQ==",
      "engines": {
        "node": ">=16"
      }
    }
  }
}
