{
  "name": "proceduralart",
  "version": "1.0.0",
  "lockfileVersion": 3,
  "requires": true,
  "packages": {
    "": {
      "name": "proceduralart",
      "version": "1.0.0",
      "license": "MIT",
      "dependencies": {
        "simplex-noise": "^4.0.3",
        "toosoon-prng": "^3.0.0"
      }
    },
    "node_modules/simplex-noise": {
      "version": "4.0.3",
      "resolved": "https://registry.npmjs.org/simplex-noise/-/simplex-noise-4.0.3.tgz",
      "integrity": "sha512-qSE2I4AngLQG7BXqoZj51jokT4WUXe8mOBrvfOXpci8+6Yu44+/dD5zqDpOx3Ux792eamTd2lLcI8jqFntk/lg=="
    },
    "node_modules/toosoon-prng": {
      "version": "3.0.0",
      "resolved": "https://registry.npmjs.org/toosoon-prng/-/toosoon-prng-3.0.0.tgz",
      "integrity": "sha512-hHe89BR8xFDZuhPeUZOKxAwkZATUrGuf1KSdaJ9KfGQf4fJvxaV2N49XnKgj3jaJCqzoEOjy5JArlkvewKptOQ==",
      "engines": {
        "node": ">=16"
      }
    }
  }
}
